
Microsoft Visual Studio Solution File, Format Version 12.00
# Visual Studio 15
VisualStudioVersion = 15.0.27428.2002
MinimumVisualStudioVersion = 10.0.40219.1
Project("{FAE04EC0-301F-11D3-BF4B-00C04F79EFBC}") = "KAZDAGLIS PROJECT", "KAZDAGLIS PROJECT\KAZDAGLIS PROJECT.csproj", "{7E692C63-32B8-4898-BB09-0C483EAF691F}"
EndProject
Global
	GlobalSection(SolutionConfigurationPlatforms) = preSolution
		Debug|Any CPU = Debug|Any CPU
		Release|Any CPU = Release|Any CPU
	EndGlobalSection
	GlobalSection(ProjectConfigurationPlatforms) = postSolution
		{7E692C63-32B8-4898-BB09-0C483EAF691F}.Debug|Any CPU.ActiveCfg = Debug|Any CPU
		{7E692C63-32B8-4898-BB09-0C483EAF691F}.Debug|Any CPU.Build.0 = Debug|Any CPU
		{7E692C63-32B8-4898-BB09-0C483EAF691F}.Release|Any CPU.ActiveCfg = Release|Any CPU
		{7E692C63-32B8-4898-BB09-0C483EAF691F}.Release|Any CPU.Build.0 = Release|Any CPU
	EndGlobalSection
	GlobalSection(SolutionProperties) = preSolution
		HideSolutionNode = FALSE
	EndGlobalSection
	GlobalSection(ExtensibilityGlobals) = postSolution
		SolutionGuid = {15696C55-F2C1-4FD8-8CCC-AFDBAE2684C9}
	EndGlobalSection
EndGlobal
